#MicroXplorer Configuration settings - do not modify
Mcu.Family=STM32F1
ProjectManager.MainLocation=Core/Src
NVIC.EXTI4_IRQn=true\:2\:0\:true\:false\:true\:true\:true
SH.GPXTI5.0=GPIO_EXTI5
ProjectManager.ProjectFileName=Carro_MotorCC.ioc
ProjectManager.KeepUserCode=true
Mcu.UserName=STM32F103C8Tx
Mcu.PinsNb=10
ProjectManager.NoMain=false
RCC.PLLCLKFreq_Value=8000000
PA9.GPIO_Label=IN4
ProjectManager.functionlistsort=1-MX_GPIO_Init-GPIO-false-HAL-true,2-SystemClock_Config-RCC-false-HAL-false
PA9.GPIOParameters=GPIO_Label
NVIC.EXTI3_IRQn=true\:2\:0\:true\:false\:true\:true\:true
ProjectManager.DefaultFWLocation=true
PB6.GPIO_Label=BOTAO_ESQUERDA
ProjectManager.DeletePrevious=true
VP_SYS_VS_ND.Mode=No_Debug
PA2.GPIOParameters=GPIO_Label
PinOutPanel.RotationAngle=0
RCC.FamilyName=M
ProjectManager.StackSize=0x400
PB5.GPIOParameters=GPIO_Label
SH.GPXTI6.0=GPIO_EXTI6
SH.GPXTI6.ConfNb=1
Mcu.IP2=SYS
NVIC.SVCall_IRQn=true\:0\:0\:false\:false\:true\:false\:false
PB4.GPIOParameters=GPIO_Label
Mcu.IP0=NVIC
Mcu.IP1=RCC
PA8.GPIO_Label=IN3
SH.GPXTI3.ConfNb=1
Mcu.UserConstants=
ProjectManager.TargetToolchain=SW4STM32
Mcu.ThirdPartyNb=0
Mcu.IPNb=3
ProjectManager.PreviousToolchain=SW4STM32
PA9.Signal=GPIO_Output
PB6.Signal=GPXTI6
PB5.Locked=true
PA8.GPIOParameters=GPIO_Label
Mcu.Pin6=PB5
Mcu.Pin7=PB6
ProjectManager.RegisterCallBack=
Mcu.Pin8=VP_SYS_VS_ND
Mcu.Pin9=VP_SYS_VS_Systick
PA1.Signal=GPIO_Output
Mcu.Pin0=PA1
Mcu.Pin1=PA2
GPIO.groupedBy=
Mcu.Pin2=PA8
Mcu.Pin3=PA9
Mcu.Pin4=PB3
Mcu.Pin5=PB4
ProjectManager.ProjectBuild=false
NVIC.UsageFault_IRQn=true\:0\:0\:false\:false\:true\:false\:false
NVIC.DebugMonitor_IRQn=true\:0\:0\:false\:false\:true\:false\:false
PA8.Locked=true
board=custom
SH.GPXTI3.0=GPIO_EXTI3
NVIC.SysTick_IRQn=true\:0\:0\:false\:false\:true\:false\:true
ProjectManager.LastFirmware=true
ProjectManager.FirmwarePackage=STM32Cube FW_F1 V1.8.3
MxDb.Version=DB.6.0.10
RCC.APB2Freq_Value=8000000
PA1.GPIOParameters=GPIO_Label
ProjectManager.BackupPrevious=false
MxCube.Version=6.1.1
PB4.GPIO_Label=BOTAO_DIREITA
File.Version=6
PA1.GPIO_Label=IN1
VP_SYS_VS_Systick.Mode=SysTick
VP_SYS_VS_ND.Signal=SYS_VS_ND
PB3.GPIOParameters=GPIO_Label
PA9.Locked=true
PA8.Signal=GPIO_Output
NVIC.NonMaskableInt_IRQn=true\:0\:0\:false\:false\:true\:false\:false
NVIC.PendSV_IRQn=true\:0\:0\:false\:false\:true\:false\:false
PB6.Locked=true
ProjectManager.FreePins=false
RCC.IPParameters=APB1Freq_Value,APB2Freq_Value,FamilyName,PLLCLKFreq_Value,PLLMCOFreq_Value,TimSysFreq_Value
ProjectManager.AskForMigrate=true
Mcu.Name=STM32F103C(8-B)Tx
PB6.GPIOParameters=GPIO_Label
ProjectManager.HalAssertFull=false
PA2.Signal=GPIO_Output
ProjectManager.ProjectName=Carro_MotorCC
ProjectManager.UnderRoot=true
RCC.PLLMCOFreq_Value=4000000
ProjectManager.CoupleFile=false
PB4.Locked=true
PB3.Signal=GPXTI3
Mcu.Package=LQFP48
PB5.Signal=GPXTI5
RCC.TimSysFreq_Value=8000000
PA1.Locked=true
SH.GPXTI4.0=GPIO_EXTI4
NVIC.ForceEnableDMAVector=true
KeepUserPlacement=false
NVIC.MemoryManagement_IRQn=true\:0\:0\:false\:false\:true\:false\:false
ProjectManager.CompilerOptimize=6
ProjectManager.ToolChainLocation=
PA2.GPIO_Label=IN2
VP_SYS_VS_Systick.Signal=SYS_VS_Systick
NVIC.EXTI9_5_IRQn=true\:2\:0\:true\:false\:true\:true\:true
SH.GPXTI5.ConfNb=1
ProjectManager.HeapSize=0x200
NVIC.HardFault_IRQn=true\:0\:0\:false\:false\:true\:false\:false
SH.GPXTI4.ConfNb=1
ProjectManager.ComputerToolchain=false
NVIC.PriorityGroup=NVIC_PRIORITYGROUP_4
PB5.GPIO_Label=BOTAO_TRAS
NVIC.BusFault_IRQn=true\:0\:0\:false\:false\:true\:false\:false
RCC.APB1Freq_Value=8000000
ProjectManager.CustomerFirmwarePackage=
ProjectManager.DeviceId=STM32F103C8Tx
ProjectManager.LibraryCopy=1
PB4.Signal=GPXTI4
PB3.Locked=true
PB3.GPIO_Label=BOTAO_FRENTE
PA2.Locked=true
